// !$*UTF8*$!
{
	archiveVersion = 1;
	classes = {
	};
	objectVersion = 46;
	objects = {

/* Begin PBXBuildFile section */
		94C884DA1A475095007954F1 /* Window.swift in Sources */ = {isa = PBXBuildFile; fileRef = 94C884D91A475095007954F1 /* Window.swift */; };
		94DCD0341A4788DD00CE45A5 /* Extensions.swift in Sources */ = {isa = PBXBuildFile; fileRef = 94DCD0331A4788DD00CE45A5 /* Extensions.swift */; };
		94DCD0361A4788F400CE45A5 /* Object.swift in Sources */ = {isa = PBXBuildFile; fileRef = 94DCD0351A4788F400CE45A5 /* Object.swift */; };
		94DCD0381A47890B00CE45A5 /* App.swift in Sources */ = {isa = PBXBuildFile; fileRef = 94DCD0371A47890B00CE45A5 /* App.swift */; };
/* End PBXBuildFile section */

/* Begin PBXFileReference section */
		9497DF051A4A9E370073347B /* Desktop-Bridging-Header.h */ = {isa = PBXFileReference; lastKnownFileType = sourcecode.c.h; path = "Desktop-Bridging-Header.h"; sourceTree = "<group>"; };
		94C884B11A475031007954F1 /* libDesktop.dylib */ = {isa = PBXFileReference; explicitFileType = "compiled.mach-o.dylib"; includeInIndex = 0; path = libDesktop.dylib; sourceTree = BUILT_PRODUCTS_DIR; };
		94C884D91A475095007954F1 /* Window.swift */ = {isa = PBXFileReference; fileEncoding = 4; lastKnownFileType = sourcecode.swift; path = Window.swift; sourceTree = "<group>"; };
		94DCD0331A4788DD00CE45A5 /* Extensions.swift */ = {isa = PBXFileReference; fileEncoding = 4; lastKnownFileType = sourcecode.swift; path = Extensions.swift; sourceTree = "<group>"; };
		94DCD0351A4788F400CE45A5 /* Object.swift */ = {isa = PBXFileReference; fileEncoding = 4; lastKnownFileType = sourcecode.swift; path = Object.swift; sourceTree = "<group>"; };
		94DCD0371A47890B00CE45A5 /* App.swift */ = {isa = PBXFileReference; fileEncoding = 4; lastKnownFileType = sourcecode.swift; path = App.swift; sourceTree = "<group>"; };
/* End PBXFileReference section */

/* Begin PBXFrameworksBuildPhase section */
		94C884AE1A475031007954F1 /* Frameworks */ = {
			isa = PBXFrameworksBuildPhase;
			buildActionMask = 2147483647;
			files = (
			);
			runOnlyForDeploymentPostprocessing = 0;
		};
/* End PBXFrameworksBuildPhase section */

/* Begin PBXGroup section */
		94C884A81A475031007954F1 = {
			isa = PBXGroup;
			children = (
				94C884B31A475031007954F1 /* Desktop */,
				94C884B21A475031007954F1 /* Products */,
			);
			sourceTree = "<group>";
		};
		94C884B21A475031007954F1 /* Products */ = {
			isa = PBXGroup;
			children = (
				94C884B11A475031007954F1 /* libDesktop.dylib */,
			);
			name = Products;
			sourceTree = "<group>";
		};
		94C884B31A475031007954F1 /* Desktop */ = {
			isa = PBXGroup;
			children = (
				94DCD0331A4788DD00CE45A5 /* Extensions.swift */,
				94DCD0351A4788F400CE45A5 /* Object.swift */,
				94DCD0371A47890B00CE45A5 /* App.swift */,
				94C884D91A475095007954F1 /* Window.swift */,
				9497DF051A4A9E370073347B /* Desktop-Bridging-Header.h */,
			);
			path = Desktop;
			sourceTree = "<group>";
		};
/* End PBXGroup section */

/* Begin PBXHeadersBuildPhase section */
		94C884AF1A475031007954F1 /* Headers */ = {
			isa = PBXHeadersBuildPhase;
			buildActionMask = 2147483647;
			files = (
			);
			runOnlyForDeploymentPostprocessing = 0;
		};
/* End PBXHeadersBuildPhase section */

/* Begin PBXNativeTarget section */
		94C884B01A475031007954F1 /* Desktop */ = {
			isa = PBXNativeTarget;
			buildConfigurationList = 94C884C51A475031007954F1 /* Build configuration list for PBXNativeTarget "Desktop" */;
			buildPhases = (
				94C884AD1A475031007954F1 /* Sources */,
				94C884AE1A475031007954F1 /* Frameworks */,
				94C884AF1A475031007954F1 /* Headers */,
			);
			buildRules = (
			);
			dependencies = (
			);
			name = Desktop;
			productName = Desktop;
			productReference = 94C884B11A475031007954F1 /* libDesktop.dylib */;
			productType = "com.apple.product-type.library.dynamic";
		};
/* End PBXNativeTarget section */

/* Begin PBXProject section */
		94C884A91A475031007954F1 /* Project object */ = {
			isa = PBXProject;
			attributes = {
				LastUpgradeCheck = 0610;
				ORGANIZATIONNAME = "Tiny Robot Software";
				TargetAttributes = {
					94C884B01A475031007954F1 = {
						CreatedOnToolsVersion = 6.1.1;
					};
				};
			};
			buildConfigurationList = 94C884AC1A475031007954F1 /* Build configuration list for PBXProject "Desktop" */;
			compatibilityVersion = "Xcode 3.2";
			developmentRegion = English;
			hasScannedForEncodings = 0;
			knownRegions = (
				en,
			);
			mainGroup = 94C884A81A475031007954F1;
			productRefGroup = 94C884B21A475031007954F1 /* Products */;
			projectDirPath = "";
			projectRoot = "";
			targets = (
				94C884B01A475031007954F1 /* Desktop */,
			);
		};
/* End PBXProject section */

/* Begin PBXSourcesBuildPhase section */
		94C884AD1A475031007954F1 /* Sources */ = {
			isa = PBXSourcesBuildPhase;
			buildActionMask = 2147483647;
			files = (
				94C884DA1A475095007954F1 /* Window.swift in Sources */,
				94DCD0381A47890B00CE45A5 /* App.swift in Sources */,
				94DCD0361A4788F400CE45A5 /* Object.swift in Sources */,
				94DCD0341A4788DD00CE45A5 /* Extensions.swift in Sources */,
			);
			runOnlyForDeploymentPostprocessing = 0;
		};
/* End PBXSourcesBuildPhase section */

/* Begin XCBuildConfiguration section */
		94C884C31A475031007954F1 /* Debug */ = {
			isa = XCBuildConfiguration;
			buildSettings = {
				ALWAYS_SEARCH_USER_PATHS = NO;
				CLANG_CXX_LANGUAGE_STANDARD = "gnu++0x";
				CLANG_CXX_LIBRARY = "libc++";
				CLANG_ENABLE_MODULES = YES;
				CLANG_ENABLE_OBJC_ARC = YES;
				CLANG_WARN_BOOL_CONVERSION = YES;
				CLANG_WARN_CONSTANT_CONVERSION = YES;
				CLANG_WARN_DIRECT_OBJC_ISA_USAGE = YES_ERROR;
				CLANG_WARN_EMPTY_BODY = YES;
				CLANG_WARN_ENUM_CONVERSION = YES;
				CLANG_WARN_INT_CONVERSION = YES;
				CLANG_WARN_OBJC_ROOT_CLASS = YES_ERROR;
				CLANG_WARN_UNREACHABLE_CODE = YES;
				CLANG_WARN__DUPLICATE_METHOD_MATCH = YES;
				COPY_PHASE_STRIP = NO;
				ENABLE_STRICT_OBJC_MSGSEND = YES;
				GCC_C_LANGUAGE_STANDARD = gnu99;
				GCC_DYNAMIC_NO_PIC = NO;
				GCC_OPTIMIZATION_LEVEL = 0;
				GCC_PREPROCESSOR_DEFINITIONS = (
					"DEBUG=1",
					"$(inherited)",
				);
				GCC_SYMBOLS_PRIVATE_EXTERN = NO;
				GCC_WARN_64_TO_32_BIT_CONVERSION = YES;
				GCC_WARN_ABOUT_RETURN_TYPE = YES_ERROR;
				GCC_WARN_UNDECLARED_SELECTOR = YES;
				GCC_WARN_UNINITIALIZED_AUTOS = YES_AGGRESSIVE;
				GCC_WARN_UNUSED_FUNCTION = YES;
				GCC_WARN_UNUSED_VARIABLE = YES;
				MACOSX_DEPLOYMENT_TARGET = 10.10;
				MTL_ENABLE_DEBUG_INFO = YES;
				ONLY_ACTIVE_ARCH = YES;
				SDKROOT = macosx;
			};
			name = Debug;
		};
		94C884C41A475031007954F1 /* Release */ = {
			isa = XCBuildConfiguration;
			buildSettings = {
				ALWAYS_SEARCH_USER_PATHS = NO;
				CLANG_CXX_LANGUAGE_STANDARD = "gnu++0x";
				CLANG_CXX_LIBRARY = "libc++";
				CLANG_ENABLE_MODULES = YES;
				CLANG_ENABLE_OBJC_ARC = YES;
				CLANG_WARN_BOOL_CONVERSION = YES;
				CLANG_WARN_CONSTANT_CONVERSION = YES;
				CLANG_WARN_DIRECT_OBJC_ISA_USAGE = YES_ERROR;
				CLANG_WARN_EMPTY_BODY = YES;
				CLANG_WARN_ENUM_CONVERSION = YES;
				CLANG_WARN_INT_CONVERSION = YES;
				CLANG_WARN_OBJC_ROOT_CLASS = YES_ERROR;
				CLANG_WARN_UNREACHABLE_CODE = YES;
				CLANG_WARN__DUPLICATE_METHOD_MATCH = YES;
				COPY_PHASE_STRIP = YES;
				DEBUG_INFORMATION_FORMAT = "dwarf-with-dsym";
				ENABLE_NS_ASSERTIONS = NO;
				ENABLE_STRICT_OBJC_MSGSEND = YES;
				GCC_C_LANGUAGE_STANDARD = gnu99;
				GCC_WARN_64_TO_32_BIT_CONVERSION = YES;
				GCC_WARN_ABOUT_RETURN_TYPE = YES_ERROR;
				GCC_WARN_UNDECLARED_SELECTOR = YES;
				GCC_WARN_UNINITIALIZED_AUTOS = YES_AGGRESSIVE;
				GCC_WARN_UNUSED_FUNCTION = YES;
				GCC_WARN_UNUSED_VARIABLE = YES;
				MACOSX_DEPLOYMENT_TARGET = 10.10;
				MTL_ENABLE_DEBUG_INFO = NO;
				SDKROOT = macosx;
			};
			name = Release;
		};
		94C884C61A475031007954F1 /* Debug */ = {
			isa = XCBuildConfiguration;
			buildSettings = {
				CLANG_ENABLE_MODULES = YES;
				DYLIB_COMPATIBILITY_VERSION = 1;
				DYLIB_CURRENT_VERSION = 1;
				EXECUTABLE_PREFIX = lib;
				LD_RUNPATH_SEARCH_PATHS = "$(inherited) @executable_path/../Frameworks @loader_path/../Frameworks";
				PRODUCT_NAME = "$(TARGET_NAME)";
				SWIFT_OBJC_BRIDGING_HEADER = "Desktop/Desktop-Bridging-Header.h";
				SWIFT_OPTIMIZATION_LEVEL = "-Onone";
			};
			name = Debug;
		};
		94C884C71A475031007954F1 /* Release */ = {
			isa = XCBuildConfiguration;
			buildSettings = {
				CLANG_ENABLE_MODULES = YES;
				DYLIB_COMPATIBILITY_VERSION = 1;
				DYLIB_CURRENT_VERSION = 1;
				EXECUTABLE_PREFIX = lib;
				LD_RUNPATH_SEARCH_PATHS = "$(inherited) @executable_path/../Frameworks @loader_path/../Frameworks";
				PRODUCT_NAME = "$(TARGET_NAME)";
				SWIFT_OBJC_BRIDGING_HEADER = "Desktop/Desktop-Bridging-Header.h";
			};
			name = Release;
		};
/* End XCBuildConfiguration section */

/* Begin XCConfigurationList section */
		94C884AC1A475031007954F1 /* Build configuration list for PBXProject "Desktop" */ = {
			isa = XCConfigurationList;
			buildConfigurations = (
				94C884C31A475031007954F1 /* Debug */,
				94C884C41A475031007954F1 /* Release */,
			);
			defaultConfigurationIsVisible = 0;
			defaultConfigurationName = Release;
		};
		94C884C51A475031007954F1 /* Build configuration list for PBXNativeTarget "Desktop" */ = {
			isa = XCConfigurationList;
			buildConfigurations = (
				94C884C61A475031007954F1 /* Debug */,
				94C884C71A475031007954F1 /* Release */,
			);
			defaultConfigurationIsVisible = 0;
			defaultConfigurationName = Release;
		};
/* End XCConfigurationList section */
	};
	rootObject = 94C884A91A475031007954F1 /* Project object */;
}
