// !$*UTF8*$!
{
	archiveVersion = 1;
	classes = {
	};
	objectVersion = 46;
	objects = {

/* Begin PBXBuildFile section */
		9407F7221A3CBA8500BE8C7A /* AppDelegate.swift in Sources */ = {isa = PBXBuildFile; fileRef = 9407F7211A3CBA8500BE8C7A /* AppDelegate.swift */; };
		9407F7241A3CBA8500BE8C7A /* Images.xcassets in Resources */ = {isa = PBXBuildFile; fileRef = 9407F7231A3CBA8500BE8C7A /* Images.xcassets */; };
		9407F7271A3CBA8500BE8C7A /* MainMenu.xib in Resources */ = {isa = PBXBuildFile; fileRef = 9407F7251A3CBA8500BE8C7A /* MainMenu.xib */; };
		9407F73D1A3CBBBD00BE8C7A /* Accessibility.swift in Sources */ = {isa = PBXBuildFile; fileRef = 9407F73C1A3CBBBD00BE8C7A /* Accessibility.swift */; };
		9407F73F1A3CBD7C00BE8C7A /* Hotkeys.swift in Sources */ = {isa = PBXBuildFile; fileRef = 9407F73E1A3CBD7C00BE8C7A /* Hotkeys.swift */; };
		9407F7441A3CBD9900BE8C7A /* Hotkeys.m in Sources */ = {isa = PBXBuildFile; fileRef = 9407F7411A3CBD9900BE8C7A /* Hotkeys.m */; };
		9407F7461A3CBE3800BE8C7A /* JavaScript.swift in Sources */ = {isa = PBXBuildFile; fileRef = 9407F7451A3CBE3800BE8C7A /* JavaScript.swift */; };
/* End PBXBuildFile section */

/* Begin PBXFileReference section */
		9407F71C1A3CBA8500BE8C7A /* DIY Window Manager.app */ = {isa = PBXFileReference; explicitFileType = wrapper.application; includeInIndex = 0; path = "DIY Window Manager.app"; sourceTree = BUILT_PRODUCTS_DIR; };
		9407F7201A3CBA8500BE8C7A /* Info.plist */ = {isa = PBXFileReference; lastKnownFileType = text.plist.xml; path = Info.plist; sourceTree = "<group>"; };
		9407F7211A3CBA8500BE8C7A /* AppDelegate.swift */ = {isa = PBXFileReference; lastKnownFileType = sourcecode.swift; path = AppDelegate.swift; sourceTree = "<group>"; };
		9407F7231A3CBA8500BE8C7A /* Images.xcassets */ = {isa = PBXFileReference; lastKnownFileType = folder.assetcatalog; path = Images.xcassets; sourceTree = "<group>"; };
		9407F7261A3CBA8500BE8C7A /* Base */ = {isa = PBXFileReference; lastKnownFileType = file.xib; name = Base; path = Base.lproj/MainMenu.xib; sourceTree = "<group>"; };
		9407F73C1A3CBBBD00BE8C7A /* Accessibility.swift */ = {isa = PBXFileReference; fileEncoding = 4; lastKnownFileType = sourcecode.swift; path = Accessibility.swift; sourceTree = "<group>"; };
		9407F73E1A3CBD7C00BE8C7A /* Hotkeys.swift */ = {isa = PBXFileReference; fileEncoding = 4; lastKnownFileType = sourcecode.swift; path = Hotkeys.swift; sourceTree = "<group>"; };
		9407F7411A3CBD9900BE8C7A /* Hotkeys.m */ = {isa = PBXFileReference; fileEncoding = 4; lastKnownFileType = sourcecode.c.objc; path = Hotkeys.m; sourceTree = "<group>"; };
		9407F7421A3CBD9900BE8C7A /* Hotkeys.h */ = {isa = PBXFileReference; fileEncoding = 4; lastKnownFileType = sourcecode.c.h; path = Hotkeys.h; sourceTree = "<group>"; };
		9407F7431A3CBD9900BE8C7A /* DIY Window Manager-Bridging-Header.h */ = {isa = PBXFileReference; fileEncoding = 4; lastKnownFileType = sourcecode.c.h; path = "DIY Window Manager-Bridging-Header.h"; sourceTree = "<group>"; };
		9407F7451A3CBE3800BE8C7A /* JavaScript.swift */ = {isa = PBXFileReference; fileEncoding = 4; lastKnownFileType = sourcecode.swift; path = JavaScript.swift; sourceTree = "<group>"; };
/* End PBXFileReference section */

/* Begin PBXFrameworksBuildPhase section */
		9407F7191A3CBA8500BE8C7A /* Frameworks */ = {
			isa = PBXFrameworksBuildPhase;
			buildActionMask = 2147483647;
			files = (
			);
			runOnlyForDeploymentPostprocessing = 0;
		};
/* End PBXFrameworksBuildPhase section */

/* Begin PBXGroup section */
		9407F7131A3CBA8500BE8C7A = {
			isa = PBXGroup;
			children = (
				9407F71E1A3CBA8500BE8C7A /* DIY Window Manager */,
				9407F71D1A3CBA8500BE8C7A /* Products */,
			);
			sourceTree = "<group>";
		};
		9407F71D1A3CBA8500BE8C7A /* Products */ = {
			isa = PBXGroup;
			children = (
				9407F71C1A3CBA8500BE8C7A /* DIY Window Manager.app */,
			);
			name = Products;
			sourceTree = "<group>";
		};
		9407F71E1A3CBA8500BE8C7A /* DIY Window Manager */ = {
			isa = PBXGroup;
			children = (
				9407F7431A3CBD9900BE8C7A /* DIY Window Manager-Bridging-Header.h */,
				9407F7251A3CBA8500BE8C7A /* MainMenu.xib */,
				9407F7211A3CBA8500BE8C7A /* AppDelegate.swift */,
				9407F73C1A3CBBBD00BE8C7A /* Accessibility.swift */,
				9407F73E1A3CBD7C00BE8C7A /* Hotkeys.swift */,
				9407F7411A3CBD9900BE8C7A /* Hotkeys.m */,
				9407F7421A3CBD9900BE8C7A /* Hotkeys.h */,
				9407F7451A3CBE3800BE8C7A /* JavaScript.swift */,
				9407F7231A3CBA8500BE8C7A /* Images.xcassets */,
				9407F71F1A3CBA8500BE8C7A /* Supporting Files */,
			);
			path = "DIY Window Manager";
			sourceTree = "<group>";
		};
		9407F71F1A3CBA8500BE8C7A /* Supporting Files */ = {
			isa = PBXGroup;
			children = (
				9407F7201A3CBA8500BE8C7A /* Info.plist */,
			);
			name = "Supporting Files";
			sourceTree = "<group>";
		};
/* End PBXGroup section */

/* Begin PBXNativeTarget section */
		9407F71B1A3CBA8500BE8C7A /* DIY Window Manager */ = {
			isa = PBXNativeTarget;
			buildConfigurationList = 9407F7361A3CBA8500BE8C7A /* Build configuration list for PBXNativeTarget "DIY Window Manager" */;
			buildPhases = (
				9407F7181A3CBA8500BE8C7A /* Sources */,
				9407F7191A3CBA8500BE8C7A /* Frameworks */,
				9407F71A1A3CBA8500BE8C7A /* Resources */,
			);
			buildRules = (
			);
			dependencies = (
			);
			name = "DIY Window Manager";
			productName = "DIY Window Manager";
			productReference = 9407F71C1A3CBA8500BE8C7A /* DIY Window Manager.app */;
			productType = "com.apple.product-type.application";
		};
/* End PBXNativeTarget section */

/* Begin PBXProject section */
		9407F7141A3CBA8500BE8C7A /* Project object */ = {
			isa = PBXProject;
			attributes = {
				LastUpgradeCheck = 0610;
				ORGANIZATIONNAME = "Tiny Robot Software";
				TargetAttributes = {
					9407F71B1A3CBA8500BE8C7A = {
						CreatedOnToolsVersion = 6.1.1;
					};
				};
			};
			buildConfigurationList = 9407F7171A3CBA8500BE8C7A /* Build configuration list for PBXProject "DIY Window Manager" */;
			compatibilityVersion = "Xcode 3.2";
			developmentRegion = English;
			hasScannedForEncodings = 0;
			knownRegions = (
				en,
				Base,
			);
			mainGroup = 9407F7131A3CBA8500BE8C7A;
			productRefGroup = 9407F71D1A3CBA8500BE8C7A /* Products */;
			projectDirPath = "";
			projectRoot = "";
			targets = (
				9407F71B1A3CBA8500BE8C7A /* DIY Window Manager */,
			);
		};
/* End PBXProject section */

/* Begin PBXResourcesBuildPhase section */
		9407F71A1A3CBA8500BE8C7A /* Resources */ = {
			isa = PBXResourcesBuildPhase;
			buildActionMask = 2147483647;
			files = (
				9407F7241A3CBA8500BE8C7A /* Images.xcassets in Resources */,
				9407F7271A3CBA8500BE8C7A /* MainMenu.xib in Resources */,
			);
			runOnlyForDeploymentPostprocessing = 0;
		};
/* End PBXResourcesBuildPhase section */

/* Begin PBXSourcesBuildPhase section */
		9407F7181A3CBA8500BE8C7A /* Sources */ = {
			isa = PBXSourcesBuildPhase;
			buildActionMask = 2147483647;
			files = (
				9407F7441A3CBD9900BE8C7A /* Hotkeys.m in Sources */,
				9407F7461A3CBE3800BE8C7A /* JavaScript.swift in Sources */,
				9407F73D1A3CBBBD00BE8C7A /* Accessibility.swift in Sources */,
				9407F7221A3CBA8500BE8C7A /* AppDelegate.swift in Sources */,
				9407F73F1A3CBD7C00BE8C7A /* Hotkeys.swift in Sources */,
			);
			runOnlyForDeploymentPostprocessing = 0;
		};
/* End PBXSourcesBuildPhase section */

/* Begin PBXVariantGroup section */
		9407F7251A3CBA8500BE8C7A /* MainMenu.xib */ = {
			isa = PBXVariantGroup;
			children = (
				9407F7261A3CBA8500BE8C7A /* Base */,
			);
			name = MainMenu.xib;
			sourceTree = "<group>";
		};
/* End PBXVariantGroup section */

/* Begin XCBuildConfiguration section */
		9407F7341A3CBA8500BE8C7A /* Debug */ = {
			isa = XCBuildConfiguration;
			buildSettings = {
				ALWAYS_SEARCH_USER_PATHS = NO;
				CLANG_CXX_LANGUAGE_STANDARD = "gnu++0x";
				CLANG_CXX_LIBRARY = "libc++";
				CLANG_ENABLE_MODULES = YES;
				CLANG_ENABLE_OBJC_ARC = YES;
				CLANG_WARN_BOOL_CONVERSION = YES;
				CLANG_WARN_CONSTANT_CONVERSION = YES;
				CLANG_WARN_DIRECT_OBJC_ISA_USAGE = YES_ERROR;
				CLANG_WARN_EMPTY_BODY = YES;
				CLANG_WARN_ENUM_CONVERSION = YES;
				CLANG_WARN_INT_CONVERSION = YES;
				CLANG_WARN_OBJC_ROOT_CLASS = YES_ERROR;
				CLANG_WARN_UNREACHABLE_CODE = YES;
				CLANG_WARN__DUPLICATE_METHOD_MATCH = YES;
				CODE_SIGN_IDENTITY = "-";
				COPY_PHASE_STRIP = NO;
				ENABLE_STRICT_OBJC_MSGSEND = YES;
				GCC_C_LANGUAGE_STANDARD = gnu99;
				GCC_DYNAMIC_NO_PIC = NO;
				GCC_OPTIMIZATION_LEVEL = 0;
				GCC_PREPROCESSOR_DEFINITIONS = (
					"DEBUG=1",
					"$(inherited)",
				);
				GCC_SYMBOLS_PRIVATE_EXTERN = NO;
				GCC_WARN_64_TO_32_BIT_CONVERSION = YES;
				GCC_WARN_ABOUT_RETURN_TYPE = YES_ERROR;
				GCC_WARN_UNDECLARED_SELECTOR = YES;
				GCC_WARN_UNINITIALIZED_AUTOS = YES_AGGRESSIVE;
				GCC_WARN_UNUSED_FUNCTION = YES;
				GCC_WARN_UNUSED_VARIABLE = YES;
				MACOSX_DEPLOYMENT_TARGET = 10.10;
				MTL_ENABLE_DEBUG_INFO = YES;
				ONLY_ACTIVE_ARCH = YES;
				SDKROOT = macosx;
				SWIFT_OPTIMIZATION_LEVEL = "-Onone";
			};
			name = Debug;
		};
		9407F7351A3CBA8500BE8C7A /* Release */ = {
			isa = XCBuildConfiguration;
			buildSettings = {
				ALWAYS_SEARCH_USER_PATHS = NO;
				CLANG_CXX_LANGUAGE_STANDARD = "gnu++0x";
				CLANG_CXX_LIBRARY = "libc++";
				CLANG_ENABLE_MODULES = YES;
				CLANG_ENABLE_OBJC_ARC = YES;
				CLANG_WARN_BOOL_CONVERSION = YES;
				CLANG_WARN_CONSTANT_CONVERSION = YES;
				CLANG_WARN_DIRECT_OBJC_ISA_USAGE = YES_ERROR;
				CLANG_WARN_EMPTY_BODY = YES;
				CLANG_WARN_ENUM_CONVERSION = YES;
				CLANG_WARN_INT_CONVERSION = YES;
				CLANG_WARN_OBJC_ROOT_CLASS = YES_ERROR;
				CLANG_WARN_UNREACHABLE_CODE = YES;
				CLANG_WARN__DUPLICATE_METHOD_MATCH = YES;
				CODE_SIGN_IDENTITY = "-";
				COPY_PHASE_STRIP = YES;
				DEBUG_INFORMATION_FORMAT = "dwarf-with-dsym";
				ENABLE_NS_ASSERTIONS = NO;
				ENABLE_STRICT_OBJC_MSGSEND = YES;
				GCC_C_LANGUAGE_STANDARD = gnu99;
				GCC_WARN_64_TO_32_BIT_CONVERSION = YES;
				GCC_WARN_ABOUT_RETURN_TYPE = YES_ERROR;
				GCC_WARN_UNDECLARED_SELECTOR = YES;
				GCC_WARN_UNINITIALIZED_AUTOS = YES_AGGRESSIVE;
				GCC_WARN_UNUSED_FUNCTION = YES;
				GCC_WARN_UNUSED_VARIABLE = YES;
				MACOSX_DEPLOYMENT_TARGET = 10.10;
				MTL_ENABLE_DEBUG_INFO = NO;
				SDKROOT = macosx;
			};
			name = Release;
		};
		9407F7371A3CBA8500BE8C7A /* Debug */ = {
			isa = XCBuildConfiguration;
			buildSettings = {
				ASSETCATALOG_COMPILER_APPICON_NAME = AppIcon;
				CLANG_ENABLE_MODULES = YES;
				COMBINE_HIDPI_IMAGES = YES;
				INFOPLIST_FILE = "DIY Window Manager/Info.plist";
				LD_RUNPATH_SEARCH_PATHS = "$(inherited) @executable_path/../Frameworks";
				PRODUCT_NAME = "$(TARGET_NAME)";
				SWIFT_OBJC_BRIDGING_HEADER = "DIY Window Manager/DIY Window Manager-Bridging-Header.h";
				SWIFT_OPTIMIZATION_LEVEL = "-Onone";
			};
			name = Debug;
		};
		9407F7381A3CBA8500BE8C7A /* Release */ = {
			isa = XCBuildConfiguration;
			buildSettings = {
				ASSETCATALOG_COMPILER_APPICON_NAME = AppIcon;
				CLANG_ENABLE_MODULES = YES;
				COMBINE_HIDPI_IMAGES = YES;
				INFOPLIST_FILE = "DIY Window Manager/Info.plist";
				LD_RUNPATH_SEARCH_PATHS = "$(inherited) @executable_path/../Frameworks";
				PRODUCT_NAME = "$(TARGET_NAME)";
				SWIFT_OBJC_BRIDGING_HEADER = "DIY Window Manager/DIY Window Manager-Bridging-Header.h";
			};
			name = Release;
		};
/* End XCBuildConfiguration section */

/* Begin XCConfigurationList section */
		9407F7171A3CBA8500BE8C7A /* Build configuration list for PBXProject "DIY Window Manager" */ = {
			isa = XCConfigurationList;
			buildConfigurations = (
				9407F7341A3CBA8500BE8C7A /* Debug */,
				9407F7351A3CBA8500BE8C7A /* Release */,
			);
			defaultConfigurationIsVisible = 0;
			defaultConfigurationName = Release;
		};
		9407F7361A3CBA8500BE8C7A /* Build configuration list for PBXNativeTarget "DIY Window Manager" */ = {
			isa = XCConfigurationList;
			buildConfigurations = (
				9407F7371A3CBA8500BE8C7A /* Debug */,
				9407F7381A3CBA8500BE8C7A /* Release */,
			);
			defaultConfigurationIsVisible = 0;
		};
/* End XCConfigurationList section */
	};
	rootObject = 9407F7141A3CBA8500BE8C7A /* Project object */;
}
