// !$*UTF8*$!
{
	archiveVersion = 1;
	classes = {
	};
	objectVersion = 46;
	objects = {

/* Begin PBXBuildFile section */
		941314AC1A5A123C00079EE5 /* ExtraTypes.swift in Sources */ = {isa = PBXBuildFile; fileRef = 941314AB1A5A123C00079EE5 /* ExtraTypes.swift */; };
		944A33051A475A6400BF8675 /* Lua.h in Headers */ = {isa = PBXBuildFile; fileRef = 944A33041A475A6400BF8675 /* Lua.h */; };
		944A33071A475A6400BF8675 /* Lua.m in Sources */ = {isa = PBXBuildFile; fileRef = 944A33061A475A6400BF8675 /* Lua.m */; };
		944A33601A475A9C00BF8675 /* lapi.c in Sources */ = {isa = PBXBuildFile; fileRef = 944A33251A475A9C00BF8675 /* lapi.c */; };
		944A33611A475A9C00BF8675 /* lapi.h in Headers */ = {isa = PBXBuildFile; fileRef = 944A33261A475A9C00BF8675 /* lapi.h */; };
		944A33621A475A9C00BF8675 /* lauxlib.c in Sources */ = {isa = PBXBuildFile; fileRef = 944A33271A475A9C00BF8675 /* lauxlib.c */; };
		944A33631A475A9C00BF8675 /* lauxlib.h in Headers */ = {isa = PBXBuildFile; fileRef = 944A33281A475A9C00BF8675 /* lauxlib.h */; };
		944A33641A475A9C00BF8675 /* lbaselib.c in Sources */ = {isa = PBXBuildFile; fileRef = 944A33291A475A9C00BF8675 /* lbaselib.c */; };
		944A33651A475A9C00BF8675 /* lbitlib.c in Sources */ = {isa = PBXBuildFile; fileRef = 944A332A1A475A9C00BF8675 /* lbitlib.c */; };
		944A33661A475A9C00BF8675 /* lcode.c in Sources */ = {isa = PBXBuildFile; fileRef = 944A332B1A475A9C00BF8675 /* lcode.c */; };
		944A33671A475A9C00BF8675 /* lcode.h in Headers */ = {isa = PBXBuildFile; fileRef = 944A332C1A475A9C00BF8675 /* lcode.h */; };
		944A33681A475A9C00BF8675 /* lcorolib.c in Sources */ = {isa = PBXBuildFile; fileRef = 944A332D1A475A9C00BF8675 /* lcorolib.c */; };
		944A33691A475A9C00BF8675 /* lctype.c in Sources */ = {isa = PBXBuildFile; fileRef = 944A332E1A475A9C00BF8675 /* lctype.c */; };
		944A336A1A475A9C00BF8675 /* lctype.h in Headers */ = {isa = PBXBuildFile; fileRef = 944A332F1A475A9C00BF8675 /* lctype.h */; };
		944A336B1A475A9C00BF8675 /* ldblib.c in Sources */ = {isa = PBXBuildFile; fileRef = 944A33301A475A9C00BF8675 /* ldblib.c */; };
		944A336C1A475A9C00BF8675 /* ldebug.c in Sources */ = {isa = PBXBuildFile; fileRef = 944A33311A475A9C00BF8675 /* ldebug.c */; };
		944A336D1A475A9C00BF8675 /* ldebug.h in Headers */ = {isa = PBXBuildFile; fileRef = 944A33321A475A9C00BF8675 /* ldebug.h */; };
		944A336E1A475A9C00BF8675 /* ldo.c in Sources */ = {isa = PBXBuildFile; fileRef = 944A33331A475A9C00BF8675 /* ldo.c */; };
		944A336F1A475A9C00BF8675 /* ldo.h in Headers */ = {isa = PBXBuildFile; fileRef = 944A33341A475A9C00BF8675 /* ldo.h */; };
		944A33701A475A9C00BF8675 /* ldump.c in Sources */ = {isa = PBXBuildFile; fileRef = 944A33351A475A9C00BF8675 /* ldump.c */; };
		944A33711A475A9C00BF8675 /* lfunc.c in Sources */ = {isa = PBXBuildFile; fileRef = 944A33361A475A9C00BF8675 /* lfunc.c */; };
		944A33721A475A9C00BF8675 /* lfunc.h in Headers */ = {isa = PBXBuildFile; fileRef = 944A33371A475A9C00BF8675 /* lfunc.h */; };
		944A33731A475A9C00BF8675 /* lgc.c in Sources */ = {isa = PBXBuildFile; fileRef = 944A33381A475A9C00BF8675 /* lgc.c */; };
		944A33741A475A9C00BF8675 /* lgc.h in Headers */ = {isa = PBXBuildFile; fileRef = 944A33391A475A9C00BF8675 /* lgc.h */; };
		944A33751A475A9C00BF8675 /* linit.c in Sources */ = {isa = PBXBuildFile; fileRef = 944A333A1A475A9C00BF8675 /* linit.c */; };
		944A33761A475A9C00BF8675 /* liolib.c in Sources */ = {isa = PBXBuildFile; fileRef = 944A333B1A475A9C00BF8675 /* liolib.c */; };
		944A33771A475A9C00BF8675 /* llex.c in Sources */ = {isa = PBXBuildFile; fileRef = 944A333C1A475A9C00BF8675 /* llex.c */; };
		944A33781A475A9C00BF8675 /* llex.h in Headers */ = {isa = PBXBuildFile; fileRef = 944A333D1A475A9C00BF8675 /* llex.h */; };
		944A33791A475A9C00BF8675 /* llimits.h in Headers */ = {isa = PBXBuildFile; fileRef = 944A333E1A475A9C00BF8675 /* llimits.h */; };
		944A337A1A475A9C00BF8675 /* lmathlib.c in Sources */ = {isa = PBXBuildFile; fileRef = 944A333F1A475A9C00BF8675 /* lmathlib.c */; };
		944A337B1A475A9C00BF8675 /* lmem.c in Sources */ = {isa = PBXBuildFile; fileRef = 944A33401A475A9C00BF8675 /* lmem.c */; };
		944A337C1A475A9C00BF8675 /* lmem.h in Headers */ = {isa = PBXBuildFile; fileRef = 944A33411A475A9C00BF8675 /* lmem.h */; };
		944A337D1A475A9C00BF8675 /* loadlib.c in Sources */ = {isa = PBXBuildFile; fileRef = 944A33421A475A9C00BF8675 /* loadlib.c */; };
		944A337E1A475A9C00BF8675 /* lobject.c in Sources */ = {isa = PBXBuildFile; fileRef = 944A33431A475A9C00BF8675 /* lobject.c */; };
		944A337F1A475A9C00BF8675 /* lobject.h in Headers */ = {isa = PBXBuildFile; fileRef = 944A33441A475A9C00BF8675 /* lobject.h */; };
		944A33801A475A9C00BF8675 /* lopcodes.c in Sources */ = {isa = PBXBuildFile; fileRef = 944A33451A475A9C00BF8675 /* lopcodes.c */; };
		944A33811A475A9C00BF8675 /* lopcodes.h in Headers */ = {isa = PBXBuildFile; fileRef = 944A33461A475A9C00BF8675 /* lopcodes.h */; };
		944A33821A475A9C00BF8675 /* loslib.c in Sources */ = {isa = PBXBuildFile; fileRef = 944A33471A475A9C00BF8675 /* loslib.c */; };
		944A33831A475A9C00BF8675 /* lparser.c in Sources */ = {isa = PBXBuildFile; fileRef = 944A33481A475A9C00BF8675 /* lparser.c */; };
		944A33841A475A9C00BF8675 /* lparser.h in Headers */ = {isa = PBXBuildFile; fileRef = 944A33491A475A9C00BF8675 /* lparser.h */; };
		944A33851A475A9C00BF8675 /* lprefix.h in Headers */ = {isa = PBXBuildFile; fileRef = 944A334A1A475A9C00BF8675 /* lprefix.h */; };
		944A33861A475A9C00BF8675 /* lstate.c in Sources */ = {isa = PBXBuildFile; fileRef = 944A334B1A475A9C00BF8675 /* lstate.c */; };
		944A33871A475A9C00BF8675 /* lstate.h in Headers */ = {isa = PBXBuildFile; fileRef = 944A334C1A475A9C00BF8675 /* lstate.h */; };
		944A33881A475A9C00BF8675 /* lstring.c in Sources */ = {isa = PBXBuildFile; fileRef = 944A334D1A475A9C00BF8675 /* lstring.c */; };
		944A33891A475A9C00BF8675 /* lstring.h in Headers */ = {isa = PBXBuildFile; fileRef = 944A334E1A475A9C00BF8675 /* lstring.h */; };
		944A338A1A475A9C00BF8675 /* lstrlib.c in Sources */ = {isa = PBXBuildFile; fileRef = 944A334F1A475A9C00BF8675 /* lstrlib.c */; };
		944A338B1A475A9C00BF8675 /* ltable.c in Sources */ = {isa = PBXBuildFile; fileRef = 944A33501A475A9C00BF8675 /* ltable.c */; };
		944A338C1A475A9C00BF8675 /* ltable.h in Headers */ = {isa = PBXBuildFile; fileRef = 944A33511A475A9C00BF8675 /* ltable.h */; };
		944A338D1A475A9C00BF8675 /* ltablib.c in Sources */ = {isa = PBXBuildFile; fileRef = 944A33521A475A9C00BF8675 /* ltablib.c */; };
		944A338E1A475A9C00BF8675 /* ltm.c in Sources */ = {isa = PBXBuildFile; fileRef = 944A33531A475A9C00BF8675 /* ltm.c */; };
		944A338F1A475A9C00BF8675 /* ltm.h in Headers */ = {isa = PBXBuildFile; fileRef = 944A33541A475A9C00BF8675 /* ltm.h */; };
		944A33901A475A9C00BF8675 /* lua.h in Headers */ = {isa = PBXBuildFile; fileRef = 944A33551A475A9C00BF8675 /* lua.h */; };
		944A33911A475A9C00BF8675 /* lua.hpp in Headers */ = {isa = PBXBuildFile; fileRef = 944A33561A475A9C00BF8675 /* lua.hpp */; };
		944A33921A475A9C00BF8675 /* luaconf.h in Headers */ = {isa = PBXBuildFile; fileRef = 944A33571A475A9C00BF8675 /* luaconf.h */; };
		944A33931A475A9C00BF8675 /* lualib.h in Headers */ = {isa = PBXBuildFile; fileRef = 944A33581A475A9C00BF8675 /* lualib.h */; };
		944A33941A475A9C00BF8675 /* lundump.c in Sources */ = {isa = PBXBuildFile; fileRef = 944A33591A475A9C00BF8675 /* lundump.c */; };
		944A33951A475A9C00BF8675 /* lundump.h in Headers */ = {isa = PBXBuildFile; fileRef = 944A335A1A475A9C00BF8675 /* lundump.h */; };
		944A33961A475A9C00BF8675 /* lutf8lib.c in Sources */ = {isa = PBXBuildFile; fileRef = 944A335B1A475A9C00BF8675 /* lutf8lib.c */; };
		944A33971A475A9C00BF8675 /* lvm.c in Sources */ = {isa = PBXBuildFile; fileRef = 944A335C1A475A9C00BF8675 /* lvm.c */; };
		944A33981A475A9C00BF8675 /* lvm.h in Headers */ = {isa = PBXBuildFile; fileRef = 944A335D1A475A9C00BF8675 /* lvm.h */; };
		944A33991A475A9C00BF8675 /* lzio.c in Sources */ = {isa = PBXBuildFile; fileRef = 944A335E1A475A9C00BF8675 /* lzio.c */; };
		944A339A1A475A9C00BF8675 /* lzio.h in Headers */ = {isa = PBXBuildFile; fileRef = 944A335F1A475A9C00BF8675 /* lzio.h */; };
		944A339D1A475AA800BF8675 /* VirtualMachine.swift in Sources */ = {isa = PBXBuildFile; fileRef = 944A339C1A475AA800BF8675 /* VirtualMachine.swift */; };
		9453AD2A1A48DE5D00503603 /* Userdata.swift in Sources */ = {isa = PBXBuildFile; fileRef = 9453AD291A48DE5D00503603 /* Userdata.swift */; };
		94697A931AC712CB0047447A /* Lua_Tests.swift in Sources */ = {isa = PBXBuildFile; fileRef = 94697A921AC712CB0047447A /* Lua_Tests.swift */; };
		94697A941AC712CB0047447A /* libLua.dylib in Frameworks */ = {isa = PBXBuildFile; fileRef = 944A33011A475A6400BF8675 /* libLua.dylib */; };
		94C67DE71A58719900B18BC2 /* Number.swift in Sources */ = {isa = PBXBuildFile; fileRef = 94C67DE61A58719900B18BC2 /* Number.swift */; };
		94C67DE91A5871A800B18BC2 /* String.swift in Sources */ = {isa = PBXBuildFile; fileRef = 94C67DE81A5871A800B18BC2 /* String.swift */; };
		94C67DEB1A5871B700B18BC2 /* Function.swift in Sources */ = {isa = PBXBuildFile; fileRef = 94C67DEA1A5871B700B18BC2 /* Function.swift */; };
		94C67DED1A5871D200B18BC2 /* Boolean.swift in Sources */ = {isa = PBXBuildFile; fileRef = 94C67DEC1A5871D200B18BC2 /* Boolean.swift */; };
		94C67DEF1A5871F600B18BC2 /* Table.swift in Sources */ = {isa = PBXBuildFile; fileRef = 94C67DEE1A5871F600B18BC2 /* Table.swift */; };
		94C67DF11A58720900B18BC2 /* Thread.swift in Sources */ = {isa = PBXBuildFile; fileRef = 94C67DF01A58720900B18BC2 /* Thread.swift */; };
		94C68C9D1A475DAE00C54B88 /* Value.swift in Sources */ = {isa = PBXBuildFile; fileRef = 94C68C9C1A475DAE00C54B88 /* Value.swift */; };
		94C68CA01A475E2E00C54B88 /* Nil.swift in Sources */ = {isa = PBXBuildFile; fileRef = 94C68C9F1A475E2E00C54B88 /* Nil.swift */; };
/* End PBXBuildFile section */

/* Begin PBXContainerItemProxy section */
		94697A951AC712CB0047447A /* PBXContainerItemProxy */ = {
			isa = PBXContainerItemProxy;
			containerPortal = 944A32F91A475A6300BF8675 /* Project object */;
			proxyType = 1;
			remoteGlobalIDString = 944A33001A475A6400BF8675;
			remoteInfo = Lua;
		};
/* End PBXContainerItemProxy section */

/* Begin PBXFileReference section */
		941314AB1A5A123C00079EE5 /* ExtraTypes.swift */ = {isa = PBXFileReference; fileEncoding = 4; lastKnownFileType = sourcecode.swift; path = ExtraTypes.swift; sourceTree = "<group>"; };
		944A33011A475A6400BF8675 /* libLua.dylib */ = {isa = PBXFileReference; explicitFileType = "compiled.mach-o.dylib"; includeInIndex = 0; path = libLua.dylib; sourceTree = BUILT_PRODUCTS_DIR; };
		944A33041A475A6400BF8675 /* Lua.h */ = {isa = PBXFileReference; lastKnownFileType = sourcecode.c.h; path = Lua.h; sourceTree = "<group>"; };
		944A33061A475A6400BF8675 /* Lua.m */ = {isa = PBXFileReference; lastKnownFileType = sourcecode.c.objc; path = Lua.m; sourceTree = "<group>"; };
		944A33251A475A9C00BF8675 /* lapi.c */ = {isa = PBXFileReference; fileEncoding = 4; lastKnownFileType = sourcecode.c.c; path = lapi.c; sourceTree = "<group>"; };
		944A33261A475A9C00BF8675 /* lapi.h */ = {isa = PBXFileReference; fileEncoding = 4; lastKnownFileType = sourcecode.c.h; path = lapi.h; sourceTree = "<group>"; };
		944A33271A475A9C00BF8675 /* lauxlib.c */ = {isa = PBXFileReference; fileEncoding = 4; lastKnownFileType = sourcecode.c.c; path = lauxlib.c; sourceTree = "<group>"; };
		944A33281A475A9C00BF8675 /* lauxlib.h */ = {isa = PBXFileReference; fileEncoding = 4; lastKnownFileType = sourcecode.c.h; path = lauxlib.h; sourceTree = "<group>"; };
		944A33291A475A9C00BF8675 /* lbaselib.c */ = {isa = PBXFileReference; fileEncoding = 4; lastKnownFileType = sourcecode.c.c; path = lbaselib.c; sourceTree = "<group>"; };
		944A332A1A475A9C00BF8675 /* lbitlib.c */ = {isa = PBXFileReference; fileEncoding = 4; lastKnownFileType = sourcecode.c.c; path = lbitlib.c; sourceTree = "<group>"; };
		944A332B1A475A9C00BF8675 /* lcode.c */ = {isa = PBXFileReference; fileEncoding = 4; lastKnownFileType = sourcecode.c.c; path = lcode.c; sourceTree = "<group>"; };
		944A332C1A475A9C00BF8675 /* lcode.h */ = {isa = PBXFileReference; fileEncoding = 4; lastKnownFileType = sourcecode.c.h; path = lcode.h; sourceTree = "<group>"; };
		944A332D1A475A9C00BF8675 /* lcorolib.c */ = {isa = PBXFileReference; fileEncoding = 4; lastKnownFileType = sourcecode.c.c; path = lcorolib.c; sourceTree = "<group>"; };
		944A332E1A475A9C00BF8675 /* lctype.c */ = {isa = PBXFileReference; fileEncoding = 4; lastKnownFileType = sourcecode.c.c; path = lctype.c; sourceTree = "<group>"; };
		944A332F1A475A9C00BF8675 /* lctype.h */ = {isa = PBXFileReference; fileEncoding = 4; lastKnownFileType = sourcecode.c.h; path = lctype.h; sourceTree = "<group>"; };
		944A33301A475A9C00BF8675 /* ldblib.c */ = {isa = PBXFileReference; fileEncoding = 4; lastKnownFileType = sourcecode.c.c; path = ldblib.c; sourceTree = "<group>"; };
		944A33311A475A9C00BF8675 /* ldebug.c */ = {isa = PBXFileReference; fileEncoding = 4; lastKnownFileType = sourcecode.c.c; path = ldebug.c; sourceTree = "<group>"; };
		944A33321A475A9C00BF8675 /* ldebug.h */ = {isa = PBXFileReference; fileEncoding = 4; lastKnownFileType = sourcecode.c.h; path = ldebug.h; sourceTree = "<group>"; };
		944A33331A475A9C00BF8675 /* ldo.c */ = {isa = PBXFileReference; fileEncoding = 4; lastKnownFileType = sourcecode.c.c; path = ldo.c; sourceTree = "<group>"; };
		944A33341A475A9C00BF8675 /* ldo.h */ = {isa = PBXFileReference; fileEncoding = 4; lastKnownFileType = sourcecode.c.h; path = ldo.h; sourceTree = "<group>"; };
		944A33351A475A9C00BF8675 /* ldump.c */ = {isa = PBXFileReference; fileEncoding = 4; lastKnownFileType = sourcecode.c.c; path = ldump.c; sourceTree = "<group>"; };
		944A33361A475A9C00BF8675 /* lfunc.c */ = {isa = PBXFileReference; fileEncoding = 4; lastKnownFileType = sourcecode.c.c; path = lfunc.c; sourceTree = "<group>"; };
		944A33371A475A9C00BF8675 /* lfunc.h */ = {isa = PBXFileReference; fileEncoding = 4; lastKnownFileType = sourcecode.c.h; path = lfunc.h; sourceTree = "<group>"; };
		944A33381A475A9C00BF8675 /* lgc.c */ = {isa = PBXFileReference; fileEncoding = 4; lastKnownFileType = sourcecode.c.c; path = lgc.c; sourceTree = "<group>"; };
		944A33391A475A9C00BF8675 /* lgc.h */ = {isa = PBXFileReference; fileEncoding = 4; lastKnownFileType = sourcecode.c.h; path = lgc.h; sourceTree = "<group>"; };
		944A333A1A475A9C00BF8675 /* linit.c */ = {isa = PBXFileReference; fileEncoding = 4; lastKnownFileType = sourcecode.c.c; path = linit.c; sourceTree = "<group>"; };
		944A333B1A475A9C00BF8675 /* liolib.c */ = {isa = PBXFileReference; fileEncoding = 4; lastKnownFileType = sourcecode.c.c; path = liolib.c; sourceTree = "<group>"; };
		944A333C1A475A9C00BF8675 /* llex.c */ = {isa = PBXFileReference; fileEncoding = 4; lastKnownFileType = sourcecode.c.c; path = llex.c; sourceTree = "<group>"; };
		944A333D1A475A9C00BF8675 /* llex.h */ = {isa = PBXFileReference; fileEncoding = 4; lastKnownFileType = sourcecode.c.h; path = llex.h; sourceTree = "<group>"; };
		944A333E1A475A9C00BF8675 /* llimits.h */ = {isa = PBXFileReference; fileEncoding = 4; lastKnownFileType = sourcecode.c.h; path = llimits.h; sourceTree = "<group>"; };
		944A333F1A475A9C00BF8675 /* lmathlib.c */ = {isa = PBXFileReference; fileEncoding = 4; lastKnownFileType = sourcecode.c.c; path = lmathlib.c; sourceTree = "<group>"; };
		944A33401A475A9C00BF8675 /* lmem.c */ = {isa = PBXFileReference; fileEncoding = 4; lastKnownFileType = sourcecode.c.c; path = lmem.c; sourceTree = "<group>"; };
		944A33411A475A9C00BF8675 /* lmem.h */ = {isa = PBXFileReference; fileEncoding = 4; lastKnownFileType = sourcecode.c.h; path = lmem.h; sourceTree = "<group>"; };
		944A33421A475A9C00BF8675 /* loadlib.c */ = {isa = PBXFileReference; fileEncoding = 4; lastKnownFileType = sourcecode.c.c; path = loadlib.c; sourceTree = "<group>"; };
		944A33431A475A9C00BF8675 /* lobject.c */ = {isa = PBXFileReference; fileEncoding = 4; lastKnownFileType = sourcecode.c.c; path = lobject.c; sourceTree = "<group>"; };
		944A33441A475A9C00BF8675 /* lobject.h */ = {isa = PBXFileReference; fileEncoding = 4; lastKnownFileType = sourcecode.c.h; path = lobject.h; sourceTree = "<group>"; };
		944A33451A475A9C00BF8675 /* lopcodes.c */ = {isa = PBXFileReference; fileEncoding = 4; lastKnownFileType = sourcecode.c.c; path = lopcodes.c; sourceTree = "<group>"; };
		944A33461A475A9C00BF8675 /* lopcodes.h */ = {isa = PBXFileReference; fileEncoding = 4; lastKnownFileType = sourcecode.c.h; path = lopcodes.h; sourceTree = "<group>"; };
		944A33471A475A9C00BF8675 /* loslib.c */ = {isa = PBXFileReference; fileEncoding = 4; lastKnownFileType = sourcecode.c.c; path = loslib.c; sourceTree = "<group>"; };
		944A33481A475A9C00BF8675 /* lparser.c */ = {isa = PBXFileReference; fileEncoding = 4; lastKnownFileType = sourcecode.c.c; path = lparser.c; sourceTree = "<group>"; };
		944A33491A475A9C00BF8675 /* lparser.h */ = {isa = PBXFileReference; fileEncoding = 4; lastKnownFileType = sourcecode.c.h; path = lparser.h; sourceTree = "<group>"; };
		944A334A1A475A9C00BF8675 /* lprefix.h */ = {isa = PBXFileReference; fileEncoding = 4; lastKnownFileType = sourcecode.c.h; path = lprefix.h; sourceTree = "<group>"; };
		944A334B1A475A9C00BF8675 /* lstate.c */ = {isa = PBXFileReference; fileEncoding = 4; lastKnownFileType = sourcecode.c.c; path = lstate.c; sourceTree = "<group>"; };
		944A334C1A475A9C00BF8675 /* lstate.h */ = {isa = PBXFileReference; fileEncoding = 4; lastKnownFileType = sourcecode.c.h; path = lstate.h; sourceTree = "<group>"; };
		944A334D1A475A9C00BF8675 /* lstring.c */ = {isa = PBXFileReference; fileEncoding = 4; lastKnownFileType = sourcecode.c.c; path = lstring.c; sourceTree = "<group>"; };
		944A334E1A475A9C00BF8675 /* lstring.h */ = {isa = PBXFileReference; fileEncoding = 4; lastKnownFileType = sourcecode.c.h; path = lstring.h; sourceTree = "<group>"; };
		944A334F1A475A9C00BF8675 /* lstrlib.c */ = {isa = PBXFileReference; fileEncoding = 4; lastKnownFileType = sourcecode.c.c; path = lstrlib.c; sourceTree = "<group>"; };
		944A33501A475A9C00BF8675 /* ltable.c */ = {isa = PBXFileReference; fileEncoding = 4; lastKnownFileType = sourcecode.c.c; path = ltable.c; sourceTree = "<group>"; };
		944A33511A475A9C00BF8675 /* ltable.h */ = {isa = PBXFileReference; fileEncoding = 4; lastKnownFileType = sourcecode.c.h; path = ltable.h; sourceTree = "<group>"; };
		944A33521A475A9C00BF8675 /* ltablib.c */ = {isa = PBXFileReference; fileEncoding = 4; lastKnownFileType = sourcecode.c.c; path = ltablib.c; sourceTree = "<group>"; };
		944A33531A475A9C00BF8675 /* ltm.c */ = {isa = PBXFileReference; fileEncoding = 4; lastKnownFileType = sourcecode.c.c; path = ltm.c; sourceTree = "<group>"; };
		944A33541A475A9C00BF8675 /* ltm.h */ = {isa = PBXFileReference; fileEncoding = 4; lastKnownFileType = sourcecode.c.h; path = ltm.h; sourceTree = "<group>"; };
		944A33551A475A9C00BF8675 /* lua.h */ = {isa = PBXFileReference; fileEncoding = 4; lastKnownFileType = sourcecode.c.h; path = lua.h; sourceTree = "<group>"; };
		944A33561A475A9C00BF8675 /* lua.hpp */ = {isa = PBXFileReference; fileEncoding = 4; lastKnownFileType = sourcecode.cpp.h; path = lua.hpp; sourceTree = "<group>"; };
		944A33571A475A9C00BF8675 /* luaconf.h */ = {isa = PBXFileReference; fileEncoding = 4; lastKnownFileType = sourcecode.c.h; path = luaconf.h; sourceTree = "<group>"; };
		944A33581A475A9C00BF8675 /* lualib.h */ = {isa = PBXFileReference; fileEncoding = 4; lastKnownFileType = sourcecode.c.h; path = lualib.h; sourceTree = "<group>"; };
		944A33591A475A9C00BF8675 /* lundump.c */ = {isa = PBXFileReference; fileEncoding = 4; lastKnownFileType = sourcecode.c.c; path = lundump.c; sourceTree = "<group>"; };
		944A335A1A475A9C00BF8675 /* lundump.h */ = {isa = PBXFileReference; fileEncoding = 4; lastKnownFileType = sourcecode.c.h; path = lundump.h; sourceTree = "<group>"; };
		944A335B1A475A9C00BF8675 /* lutf8lib.c */ = {isa = PBXFileReference; fileEncoding = 4; lastKnownFileType = sourcecode.c.c; path = lutf8lib.c; sourceTree = "<group>"; };
		944A335C1A475A9C00BF8675 /* lvm.c */ = {isa = PBXFileReference; fileEncoding = 4; lastKnownFileType = sourcecode.c.c; path = lvm.c; sourceTree = "<group>"; };
		944A335D1A475A9C00BF8675 /* lvm.h */ = {isa = PBXFileReference; fileEncoding = 4; lastKnownFileType = sourcecode.c.h; path = lvm.h; sourceTree = "<group>"; };
		944A335E1A475A9C00BF8675 /* lzio.c */ = {isa = PBXFileReference; fileEncoding = 4; lastKnownFileType = sourcecode.c.c; path = lzio.c; sourceTree = "<group>"; };
		944A335F1A475A9C00BF8675 /* lzio.h */ = {isa = PBXFileReference; fileEncoding = 4; lastKnownFileType = sourcecode.c.h; path = lzio.h; sourceTree = "<group>"; };
		944A339C1A475AA800BF8675 /* VirtualMachine.swift */ = {isa = PBXFileReference; fileEncoding = 4; lastKnownFileType = sourcecode.swift; path = VirtualMachine.swift; sourceTree = "<group>"; };
		9453AD291A48DE5D00503603 /* Userdata.swift */ = {isa = PBXFileReference; fileEncoding = 4; lastKnownFileType = sourcecode.swift; path = Userdata.swift; sourceTree = "<group>"; };
		94697A8E1AC712CB0047447A /* Lua Tests.xctest */ = {isa = PBXFileReference; explicitFileType = wrapper.cfbundle; includeInIndex = 0; path = "Lua Tests.xctest"; sourceTree = BUILT_PRODUCTS_DIR; };
		94697A911AC712CB0047447A /* Info.plist */ = {isa = PBXFileReference; lastKnownFileType = text.plist.xml; path = Info.plist; sourceTree = "<group>"; };
		94697A921AC712CB0047447A /* Lua_Tests.swift */ = {isa = PBXFileReference; lastKnownFileType = sourcecode.swift; path = Lua_Tests.swift; sourceTree = "<group>"; };
		94C67DE61A58719900B18BC2 /* Number.swift */ = {isa = PBXFileReference; fileEncoding = 4; lastKnownFileType = sourcecode.swift; path = Number.swift; sourceTree = "<group>"; };
		94C67DE81A5871A800B18BC2 /* String.swift */ = {isa = PBXFileReference; fileEncoding = 4; lastKnownFileType = sourcecode.swift; path = String.swift; sourceTree = "<group>"; };
		94C67DEA1A5871B700B18BC2 /* Function.swift */ = {isa = PBXFileReference; fileEncoding = 4; lastKnownFileType = sourcecode.swift; path = Function.swift; sourceTree = "<group>"; };
		94C67DEC1A5871D200B18BC2 /* Boolean.swift */ = {isa = PBXFileReference; fileEncoding = 4; lastKnownFileType = sourcecode.swift; path = Boolean.swift; sourceTree = "<group>"; };
		94C67DEE1A5871F600B18BC2 /* Table.swift */ = {isa = PBXFileReference; fileEncoding = 4; lastKnownFileType = sourcecode.swift; path = Table.swift; sourceTree = "<group>"; };
		94C67DF01A58720900B18BC2 /* Thread.swift */ = {isa = PBXFileReference; fileEncoding = 4; lastKnownFileType = sourcecode.swift; path = Thread.swift; sourceTree = "<group>"; };
		94C68C9C1A475DAE00C54B88 /* Value.swift */ = {isa = PBXFileReference; fileEncoding = 4; lastKnownFileType = sourcecode.swift; path = Value.swift; sourceTree = "<group>"; };
		94C68C9F1A475E2E00C54B88 /* Nil.swift */ = {isa = PBXFileReference; fileEncoding = 4; lastKnownFileType = sourcecode.swift; path = Nil.swift; sourceTree = "<group>"; };
/* End PBXFileReference section */

/* Begin PBXFrameworksBuildPhase section */
		944A32FE1A475A6400BF8675 /* Frameworks */ = {
			isa = PBXFrameworksBuildPhase;
			buildActionMask = 2147483647;
			files = (
			);
			runOnlyForDeploymentPostprocessing = 0;
		};
		94697A8B1AC712CB0047447A /* Frameworks */ = {
			isa = PBXFrameworksBuildPhase;
			buildActionMask = 2147483647;
			files = (
				94697A941AC712CB0047447A /* libLua.dylib in Frameworks */,
			);
			runOnlyForDeploymentPostprocessing = 0;
		};
/* End PBXFrameworksBuildPhase section */

/* Begin PBXGroup section */
		944A32F81A475A6300BF8675 = {
			isa = PBXGroup;
			children = (
				944A33031A475A6400BF8675 /* Lua */,
				94697A8F1AC712CB0047447A /* Lua Tests */,
				944A33021A475A6400BF8675 /* Products */,
			);
			sourceTree = "<group>";
		};
		944A33021A475A6400BF8675 /* Products */ = {
			isa = PBXGroup;
			children = (
				944A33011A475A6400BF8675 /* libLua.dylib */,
				94697A8E1AC712CB0047447A /* Lua Tests.xctest */,
			);
			name = Products;
			sourceTree = "<group>";
		};
		944A33031A475A6400BF8675 /* Lua */ = {
			isa = PBXGroup;
			children = (
				944A339C1A475AA800BF8675 /* VirtualMachine.swift */,
				94C68C9C1A475DAE00C54B88 /* Value.swift */,
				94C67DE61A58719900B18BC2 /* Number.swift */,
				94C67DE81A5871A800B18BC2 /* String.swift */,
				94C68C9F1A475E2E00C54B88 /* Nil.swift */,
				94C67DEE1A5871F600B18BC2 /* Table.swift */,
				94C67DF01A58720900B18BC2 /* Thread.swift */,
				94C67DEA1A5871B700B18BC2 /* Function.swift */,
				94C67DEC1A5871D200B18BC2 /* Boolean.swift */,
				9453AD291A48DE5D00503603 /* Userdata.swift */,
				941314AB1A5A123C00079EE5 /* ExtraTypes.swift */,
				944A33041A475A6400BF8675 /* Lua.h */,
				944A33061A475A6400BF8675 /* Lua.m */,
				944A33241A475A9C00BF8675 /* LuaSource */,
			);
			path = Lua;
			sourceTree = "<group>";
		};
		944A33241A475A9C00BF8675 /* LuaSource */ = {
			isa = PBXGroup;
			children = (
				944A33251A475A9C00BF8675 /* lapi.c */,
				944A33261A475A9C00BF8675 /* lapi.h */,
				944A33271A475A9C00BF8675 /* lauxlib.c */,
				944A33281A475A9C00BF8675 /* lauxlib.h */,
				944A33291A475A9C00BF8675 /* lbaselib.c */,
				944A332A1A475A9C00BF8675 /* lbitlib.c */,
				944A332B1A475A9C00BF8675 /* lcode.c */,
				944A332C1A475A9C00BF8675 /* lcode.h */,
				944A332D1A475A9C00BF8675 /* lcorolib.c */,
				944A332E1A475A9C00BF8675 /* lctype.c */,
				944A332F1A475A9C00BF8675 /* lctype.h */,
				944A33301A475A9C00BF8675 /* ldblib.c */,
				944A33311A475A9C00BF8675 /* ldebug.c */,
				944A33321A475A9C00BF8675 /* ldebug.h */,
				944A33331A475A9C00BF8675 /* ldo.c */,
				944A33341A475A9C00BF8675 /* ldo.h */,
				944A33351A475A9C00BF8675 /* ldump.c */,
				944A33361A475A9C00BF8675 /* lfunc.c */,
				944A33371A475A9C00BF8675 /* lfunc.h */,
				944A33381A475A9C00BF8675 /* lgc.c */,
				944A33391A475A9C00BF8675 /* lgc.h */,
				944A333A1A475A9C00BF8675 /* linit.c */,
				944A333B1A475A9C00BF8675 /* liolib.c */,
				944A333C1A475A9C00BF8675 /* llex.c */,
				944A333D1A475A9C00BF8675 /* llex.h */,
				944A333E1A475A9C00BF8675 /* llimits.h */,
				944A333F1A475A9C00BF8675 /* lmathlib.c */,
				944A33401A475A9C00BF8675 /* lmem.c */,
				944A33411A475A9C00BF8675 /* lmem.h */,
				944A33421A475A9C00BF8675 /* loadlib.c */,
				944A33431A475A9C00BF8675 /* lobject.c */,
				944A33441A475A9C00BF8675 /* lobject.h */,
				944A33451A475A9C00BF8675 /* lopcodes.c */,
				944A33461A475A9C00BF8675 /* lopcodes.h */,
				944A33471A475A9C00BF8675 /* loslib.c */,
				944A33481A475A9C00BF8675 /* lparser.c */,
				944A33491A475A9C00BF8675 /* lparser.h */,
				944A334A1A475A9C00BF8675 /* lprefix.h */,
				944A334B1A475A9C00BF8675 /* lstate.c */,
				944A334C1A475A9C00BF8675 /* lstate.h */,
				944A334D1A475A9C00BF8675 /* lstring.c */,
				944A334E1A475A9C00BF8675 /* lstring.h */,
				944A334F1A475A9C00BF8675 /* lstrlib.c */,
				944A33501A475A9C00BF8675 /* ltable.c */,
				944A33511A475A9C00BF8675 /* ltable.h */,
				944A33521A475A9C00BF8675 /* ltablib.c */,
				944A33531A475A9C00BF8675 /* ltm.c */,
				944A33541A475A9C00BF8675 /* ltm.h */,
				944A33551A475A9C00BF8675 /* lua.h */,
				944A33561A475A9C00BF8675 /* lua.hpp */,
				944A33571A475A9C00BF8675 /* luaconf.h */,
				944A33581A475A9C00BF8675 /* lualib.h */,
				944A33591A475A9C00BF8675 /* lundump.c */,
				944A335A1A475A9C00BF8675 /* lundump.h */,
				944A335B1A475A9C00BF8675 /* lutf8lib.c */,
				944A335C1A475A9C00BF8675 /* lvm.c */,
				944A335D1A475A9C00BF8675 /* lvm.h */,
				944A335E1A475A9C00BF8675 /* lzio.c */,
				944A335F1A475A9C00BF8675 /* lzio.h */,
			);
			path = LuaSource;
			sourceTree = "<group>";
		};
		94697A8F1AC712CB0047447A /* Lua Tests */ = {
			isa = PBXGroup;
			children = (
				94697A921AC712CB0047447A /* Lua_Tests.swift */,
				94697A901AC712CB0047447A /* Supporting Files */,
			);
			path = "Lua Tests";
			sourceTree = "<group>";
		};
		94697A901AC712CB0047447A /* Supporting Files */ = {
			isa = PBXGroup;
			children = (
				94697A911AC712CB0047447A /* Info.plist */,
			);
			name = "Supporting Files";
			sourceTree = "<group>";
		};
/* End PBXGroup section */

/* Begin PBXHeadersBuildPhase section */
		944A32FF1A475A6400BF8675 /* Headers */ = {
			isa = PBXHeadersBuildPhase;
			buildActionMask = 2147483647;
			files = (
				944A339A1A475A9C00BF8675 /* lzio.h in Headers */,
				944A33741A475A9C00BF8675 /* lgc.h in Headers */,
				944A336A1A475A9C00BF8675 /* lctype.h in Headers */,
				944A33671A475A9C00BF8675 /* lcode.h in Headers */,
				944A33611A475A9C00BF8675 /* lapi.h in Headers */,
				944A33981A475A9C00BF8675 /* lvm.h in Headers */,
				944A338F1A475A9C00BF8675 /* ltm.h in Headers */,
				944A33891A475A9C00BF8675 /* lstring.h in Headers */,
				944A33841A475A9C00BF8675 /* lparser.h in Headers */,
				944A33931A475A9C00BF8675 /* lualib.h in Headers */,
				944A33911A475A9C00BF8675 /* lua.hpp in Headers */,
				944A33051A475A6400BF8675 /* Lua.h in Headers */,
				944A33781A475A9C00BF8675 /* llex.h in Headers */,
				944A337F1A475A9C00BF8675 /* lobject.h in Headers */,
				944A33871A475A9C00BF8675 /* lstate.h in Headers */,
				944A33631A475A9C00BF8675 /* lauxlib.h in Headers */,
				944A33901A475A9C00BF8675 /* lua.h in Headers */,
				944A33851A475A9C00BF8675 /* lprefix.h in Headers */,
				944A33721A475A9C00BF8675 /* lfunc.h in Headers */,
				944A336D1A475A9C00BF8675 /* ldebug.h in Headers */,
				944A33791A475A9C00BF8675 /* llimits.h in Headers */,
				944A33921A475A9C00BF8675 /* luaconf.h in Headers */,
				944A336F1A475A9C00BF8675 /* ldo.h in Headers */,
				944A337C1A475A9C00BF8675 /* lmem.h in Headers */,
				944A33811A475A9C00BF8675 /* lopcodes.h in Headers */,
				944A33951A475A9C00BF8675 /* lundump.h in Headers */,
				944A338C1A475A9C00BF8675 /* ltable.h in Headers */,
			);
			runOnlyForDeploymentPostprocessing = 0;
		};
/* End PBXHeadersBuildPhase section */

/* Begin PBXNativeTarget section */
		944A33001A475A6400BF8675 /* Lua */ = {
			isa = PBXNativeTarget;
			buildConfigurationList = 944A33151A475A6400BF8675 /* Build configuration list for PBXNativeTarget "Lua" */;
			buildPhases = (
				944A32FD1A475A6400BF8675 /* Sources */,
				944A32FE1A475A6400BF8675 /* Frameworks */,
				944A32FF1A475A6400BF8675 /* Headers */,
			);
			buildRules = (
			);
			dependencies = (
			);
			name = Lua;
			productName = Lua;
			productReference = 944A33011A475A6400BF8675 /* libLua.dylib */;
			productType = "com.apple.product-type.library.dynamic";
		};
		94697A8D1AC712CB0047447A /* Lua Tests */ = {
			isa = PBXNativeTarget;
			buildConfigurationList = 94697A991AC712CB0047447A /* Build configuration list for PBXNativeTarget "Lua Tests" */;
			buildPhases = (
				94697A8A1AC712CB0047447A /* Sources */,
				94697A8B1AC712CB0047447A /* Frameworks */,
				94697A8C1AC712CB0047447A /* Resources */,
			);
			buildRules = (
			);
			dependencies = (
				94697A961AC712CB0047447A /* PBXTargetDependency */,
			);
			name = "Lua Tests";
			productName = "Lua Tests";
			productReference = 94697A8E1AC712CB0047447A /* Lua Tests.xctest */;
			productType = "com.apple.product-type.bundle.unit-test";
		};
/* End PBXNativeTarget section */

/* Begin PBXProject section */
		944A32F91A475A6300BF8675 /* Project object */ = {
			isa = PBXProject;
			attributes = {
				LastSwiftMigration = 0700;
				LastSwiftUpdateCheck = 0700;
				LastUpgradeCheck = 0700;
				ORGANIZATIONNAME = "Tiny Robot Software";
				TargetAttributes = {
					944A33001A475A6400BF8675 = {
						CreatedOnToolsVersion = 6.1.1;
					};
					94697A8D1AC712CB0047447A = {
						CreatedOnToolsVersion = 6.2;
					};
				};
			};
			buildConfigurationList = 944A32FC1A475A6300BF8675 /* Build configuration list for PBXProject "Lua" */;
			compatibilityVersion = "Xcode 3.2";
			developmentRegion = English;
			hasScannedForEncodings = 0;
			knownRegions = (
				en,
			);
			mainGroup = 944A32F81A475A6300BF8675;
			productRefGroup = 944A33021A475A6400BF8675 /* Products */;
			projectDirPath = "";
			projectRoot = "";
			targets = (
				944A33001A475A6400BF8675 /* Lua */,
				94697A8D1AC712CB0047447A /* Lua Tests */,
			);
		};
/* End PBXProject section */

/* Begin PBXResourcesBuildPhase section */
		94697A8C1AC712CB0047447A /* Resources */ = {
			isa = PBXResourcesBuildPhase;
			buildActionMask = 2147483647;
			files = (
			);
			runOnlyForDeploymentPostprocessing = 0;
		};
/* End PBXResourcesBuildPhase section */

/* Begin PBXSourcesBuildPhase section */
		944A32FD1A475A6400BF8675 /* Sources */ = {
			isa = PBXSourcesBuildPhase;
			buildActionMask = 2147483647;
			files = (
				944A33971A475A9C00BF8675 /* lvm.c in Sources */,
				944A33711A475A9C00BF8675 /* lfunc.c in Sources */,
				944A339D1A475AA800BF8675 /* VirtualMachine.swift in Sources */,
				944A337E1A475A9C00BF8675 /* lobject.c in Sources */,
				94C67DED1A5871D200B18BC2 /* Boolean.swift in Sources */,
				9453AD2A1A48DE5D00503603 /* Userdata.swift in Sources */,
				941314AC1A5A123C00079EE5 /* ExtraTypes.swift in Sources */,
				944A336E1A475A9C00BF8675 /* ldo.c in Sources */,
				944A33941A475A9C00BF8675 /* lundump.c in Sources */,
				944A33821A475A9C00BF8675 /* loslib.c in Sources */,
				944A33961A475A9C00BF8675 /* lutf8lib.c in Sources */,
				944A33861A475A9C00BF8675 /* lstate.c in Sources */,
				94C68C9D1A475DAE00C54B88 /* Value.swift in Sources */,
				944A337A1A475A9C00BF8675 /* lmathlib.c in Sources */,
				944A338D1A475A9C00BF8675 /* ltablib.c in Sources */,
				944A336B1A475A9C00BF8675 /* ldblib.c in Sources */,
				944A33881A475A9C00BF8675 /* lstring.c in Sources */,
				94C67DE71A58719900B18BC2 /* Number.swift in Sources */,
				944A338E1A475A9C00BF8675 /* ltm.c in Sources */,
				94C67DE91A5871A800B18BC2 /* String.swift in Sources */,
				944A33751A475A9C00BF8675 /* linit.c in Sources */,
				94C67DEF1A5871F600B18BC2 /* Table.swift in Sources */,
				944A338B1A475A9C00BF8675 /* ltable.c in Sources */,
				944A33761A475A9C00BF8675 /* liolib.c in Sources */,
				944A33681A475A9C00BF8675 /* lcorolib.c in Sources */,
				944A33071A475A6400BF8675 /* Lua.m in Sources */,
				944A33691A475A9C00BF8675 /* lctype.c in Sources */,
				944A338A1A475A9C00BF8675 /* lstrlib.c in Sources */,
				944A33731A475A9C00BF8675 /* lgc.c in Sources */,
				944A33641A475A9C00BF8675 /* lbaselib.c in Sources */,
				944A33701A475A9C00BF8675 /* ldump.c in Sources */,
				944A33771A475A9C00BF8675 /* llex.c in Sources */,
				944A33601A475A9C00BF8675 /* lapi.c in Sources */,
				944A336C1A475A9C00BF8675 /* ldebug.c in Sources */,
				944A33801A475A9C00BF8675 /* lopcodes.c in Sources */,
				944A33661A475A9C00BF8675 /* lcode.c in Sources */,
				944A33831A475A9C00BF8675 /* lparser.c in Sources */,
				944A33651A475A9C00BF8675 /* lbitlib.c in Sources */,
				94C68CA01A475E2E00C54B88 /* Nil.swift in Sources */,
				944A337D1A475A9C00BF8675 /* loadlib.c in Sources */,
				944A33991A475A9C00BF8675 /* lzio.c in Sources */,
				94C67DEB1A5871B700B18BC2 /* Function.swift in Sources */,
				94C67DF11A58720900B18BC2 /* Thread.swift in Sources */,
				944A33621A475A9C00BF8675 /* lauxlib.c in Sources */,
				944A337B1A475A9C00BF8675 /* lmem.c in Sources */,
			);
			runOnlyForDeploymentPostprocessing = 0;
		};
		94697A8A1AC712CB0047447A /* Sources */ = {
			isa = PBXSourcesBuildPhase;
			buildActionMask = 2147483647;
			files = (
				94697A931AC712CB0047447A /* Lua_Tests.swift in Sources */,
			);
			runOnlyForDeploymentPostprocessing = 0;
		};
/* End PBXSourcesBuildPhase section */

/* Begin PBXTargetDependency section */
		94697A961AC712CB0047447A /* PBXTargetDependency */ = {
			isa = PBXTargetDependency;
			target = 944A33001A475A6400BF8675 /* Lua */;
			targetProxy = 94697A951AC712CB0047447A /* PBXContainerItemProxy */;
		};
/* End PBXTargetDependency section */

/* Begin XCBuildConfiguration section */
		944A33131A475A6400BF8675 /* Debug */ = {
			isa = XCBuildConfiguration;
			buildSettings = {
				ALWAYS_SEARCH_USER_PATHS = NO;
				CLANG_CXX_LANGUAGE_STANDARD = "gnu++0x";
				CLANG_CXX_LIBRARY = "libc++";
				CLANG_ENABLE_MODULES = YES;
				CLANG_ENABLE_OBJC_ARC = YES;
				CLANG_WARN_BOOL_CONVERSION = YES;
				CLANG_WARN_CONSTANT_CONVERSION = YES;
				CLANG_WARN_DIRECT_OBJC_ISA_USAGE = YES_ERROR;
				CLANG_WARN_EMPTY_BODY = YES;
				CLANG_WARN_ENUM_CONVERSION = YES;
				CLANG_WARN_INT_CONVERSION = YES;
				CLANG_WARN_OBJC_ROOT_CLASS = YES_ERROR;
				CLANG_WARN_UNREACHABLE_CODE = YES;
				CLANG_WARN__DUPLICATE_METHOD_MATCH = YES;
				COPY_PHASE_STRIP = NO;
				ENABLE_STRICT_OBJC_MSGSEND = YES;
				ENABLE_TESTABILITY = YES;
				GCC_C_LANGUAGE_STANDARD = gnu99;
				GCC_DYNAMIC_NO_PIC = NO;
				GCC_OPTIMIZATION_LEVEL = 0;
				GCC_PREPROCESSOR_DEFINITIONS = (
					"DEBUG=1",
					"$(inherited)",
				);
				GCC_SYMBOLS_PRIVATE_EXTERN = NO;
				GCC_WARN_64_TO_32_BIT_CONVERSION = YES;
				GCC_WARN_ABOUT_RETURN_TYPE = YES_ERROR;
				GCC_WARN_UNDECLARED_SELECTOR = YES;
				GCC_WARN_UNINITIALIZED_AUTOS = YES_AGGRESSIVE;
				GCC_WARN_UNUSED_FUNCTION = YES;
				GCC_WARN_UNUSED_VARIABLE = YES;
				MACOSX_DEPLOYMENT_TARGET = 10.10;
				MTL_ENABLE_DEBUG_INFO = YES;
				ONLY_ACTIVE_ARCH = YES;
				SDKROOT = macosx;
			};
			name = Debug;
		};
		944A33141A475A6400BF8675 /* Release */ = {
			isa = XCBuildConfiguration;
			buildSettings = {
				ALWAYS_SEARCH_USER_PATHS = NO;
				CLANG_CXX_LANGUAGE_STANDARD = "gnu++0x";
				CLANG_CXX_LIBRARY = "libc++";
				CLANG_ENABLE_MODULES = YES;
				CLANG_ENABLE_OBJC_ARC = YES;
				CLANG_WARN_BOOL_CONVERSION = YES;
				CLANG_WARN_CONSTANT_CONVERSION = YES;
				CLANG_WARN_DIRECT_OBJC_ISA_USAGE = YES_ERROR;
				CLANG_WARN_EMPTY_BODY = YES;
				CLANG_WARN_ENUM_CONVERSION = YES;
				CLANG_WARN_INT_CONVERSION = YES;
				CLANG_WARN_OBJC_ROOT_CLASS = YES_ERROR;
				CLANG_WARN_UNREACHABLE_CODE = YES;
				CLANG_WARN__DUPLICATE_METHOD_MATCH = YES;
				COPY_PHASE_STRIP = YES;
				DEBUG_INFORMATION_FORMAT = "dwarf-with-dsym";
				ENABLE_NS_ASSERTIONS = NO;
				ENABLE_STRICT_OBJC_MSGSEND = YES;
				GCC_C_LANGUAGE_STANDARD = gnu99;
				GCC_WARN_64_TO_32_BIT_CONVERSION = YES;
				GCC_WARN_ABOUT_RETURN_TYPE = YES_ERROR;
				GCC_WARN_UNDECLARED_SELECTOR = YES;
				GCC_WARN_UNINITIALIZED_AUTOS = YES_AGGRESSIVE;
				GCC_WARN_UNUSED_FUNCTION = YES;
				GCC_WARN_UNUSED_VARIABLE = YES;
				MACOSX_DEPLOYMENT_TARGET = 10.10;
				MTL_ENABLE_DEBUG_INFO = NO;
				SDKROOT = macosx;
			};
			name = Release;
		};
		944A33161A475A6400BF8675 /* Debug */ = {
			isa = XCBuildConfiguration;
			buildSettings = {
				CLANG_ENABLE_MODULES = YES;
				COMBINE_HIDPI_IMAGES = YES;
				DYLIB_COMPATIBILITY_VERSION = 1;
				DYLIB_CURRENT_VERSION = 1;
				EXECUTABLE_PREFIX = lib;
				GCC_PREPROCESSOR_DEFINITIONS = (
					"DEBUG=1",
					"$(inherited)",
					"LUA_USE_MACOSX=1",
					"LUA_NOCVTN2S=1",
					"LUA_NOCVTS2N=1",
				);
				LD_RUNPATH_SEARCH_PATHS = "$(inherited) @executable_path/../Frameworks @loader_path/../Frameworks";
				PRODUCT_NAME = "$(TARGET_NAME)";
				SWIFT_OBJC_BRIDGING_HEADER = Lua/Lua.h;
				SWIFT_OPTIMIZATION_LEVEL = "-Onone";
			};
			name = Debug;
		};
		944A33171A475A6400BF8675 /* Release */ = {
			isa = XCBuildConfiguration;
			buildSettings = {
				CLANG_ENABLE_MODULES = YES;
				COMBINE_HIDPI_IMAGES = YES;
				DYLIB_COMPATIBILITY_VERSION = 1;
				DYLIB_CURRENT_VERSION = 1;
				EXECUTABLE_PREFIX = lib;
				GCC_PREPROCESSOR_DEFINITIONS = (
					"LUA_USE_MACOSX=1",
					"LUA_NOCVTN2S=1",
					"LUA_NOCVTS2N=1",
				);
				LD_RUNPATH_SEARCH_PATHS = "$(inherited) @executable_path/../Frameworks @loader_path/../Frameworks";
				PRODUCT_NAME = "$(TARGET_NAME)";
				SWIFT_OBJC_BRIDGING_HEADER = Lua/Lua.h;
			};
			name = Release;
		};
		94697A971AC712CB0047447A /* Debug */ = {
			isa = XCBuildConfiguration;
			buildSettings = {
				COMBINE_HIDPI_IMAGES = YES;
				FRAMEWORK_SEARCH_PATHS = (
					"$(DEVELOPER_FRAMEWORKS_DIR)",
					"$(inherited)",
				);
				GCC_PREPROCESSOR_DEFINITIONS = (
					"DEBUG=1",
					"$(inherited)",
				);
				INFOPLIST_FILE = "Lua Tests/Info.plist";
				LD_RUNPATH_SEARCH_PATHS = "$(inherited) @executable_path/../Frameworks @loader_path/../Frameworks";
				PRODUCT_BUNDLE_IDENTIFIER = "com.tinyrobotsoftware.$(PRODUCT_NAME:rfc1034identifier)";
				PRODUCT_NAME = "$(TARGET_NAME)";
				SWIFT_OPTIMIZATION_LEVEL = "-Onone";
			};
			name = Debug;
		};
		94697A981AC712CB0047447A /* Release */ = {
			isa = XCBuildConfiguration;
			buildSettings = {
				COMBINE_HIDPI_IMAGES = YES;
				COPY_PHASE_STRIP = NO;
				FRAMEWORK_SEARCH_PATHS = (
					"$(DEVELOPER_FRAMEWORKS_DIR)",
					"$(inherited)",
				);
				INFOPLIST_FILE = "Lua Tests/Info.plist";
				LD_RUNPATH_SEARCH_PATHS = "$(inherited) @executable_path/../Frameworks @loader_path/../Frameworks";
				PRODUCT_BUNDLE_IDENTIFIER = "com.tinyrobotsoftware.$(PRODUCT_NAME:rfc1034identifier)";
				PRODUCT_NAME = "$(TARGET_NAME)";
			};
			name = Release;
		};
/* End XCBuildConfiguration section */

/* Begin XCConfigurationList section */
		944A32FC1A475A6300BF8675 /* Build configuration list for PBXProject "Lua" */ = {
			isa = XCConfigurationList;
			buildConfigurations = (
				944A33131A475A6400BF8675 /* Debug */,
				944A33141A475A6400BF8675 /* Release */,
			);
			defaultConfigurationIsVisible = 0;
			defaultConfigurationName = Release;
		};
		944A33151A475A6400BF8675 /* Build configuration list for PBXNativeTarget "Lua" */ = {
			isa = XCConfigurationList;
			buildConfigurations = (
				944A33161A475A6400BF8675 /* Debug */,
				944A33171A475A6400BF8675 /* Release */,
			);
			defaultConfigurationIsVisible = 0;
			defaultConfigurationName = Release;
		};
		94697A991AC712CB0047447A /* Build configuration list for PBXNativeTarget "Lua Tests" */ = {
			isa = XCConfigurationList;
			buildConfigurations = (
				94697A971AC712CB0047447A /* Debug */,
				94697A981AC712CB0047447A /* Release */,
			);
			defaultConfigurationIsVisible = 0;
			defaultConfigurationName = Release;
		};
/* End XCConfigurationList section */
	};
	rootObject = 944A32F91A475A6300BF8675 /* Project object */;
}
